
Microsoft Visual Studio Solution File, Format Version 12.00
# Visual Studio Version 16
VisualStudioVersion = 16.0.29403.142
MinimumVisualStudioVersion = 10.0.40219.1
Project("{FAE04EC0-301F-11D3-BF4B-00C04F79EFBC}") = "SalesWebMVC", "SalesWebMVC.csproj", "{EA6D81CD-46A6-4ACC-BCDD-E172B4C6312F}"
EndProject
Global
	GlobalSection(SolutionConfigurationPlatforms) = preSolution
		Debug|Any CPU = Debug|Any CPU
		Release|Any CPU = Release|Any CPU
	EndGlobalSection
	GlobalSection(ProjectConfigurationPlatforms) = postSolution
		{EA6D81CD-46A6-4ACC-BCDD-E172B4C6312F}.Debug|Any CPU.ActiveCfg = Debug|Any CPU
		{EA6D81CD-46A6-4ACC-BCDD-E172B4C6312F}.Debug|Any CPU.Build.0 = Debug|Any CPU
		{EA6D81CD-46A6-4ACC-BCDD-E172B4C6312F}.Release|Any CPU.ActiveCfg = Release|Any CPU
		{EA6D81CD-46A6-4ACC-BCDD-E172B4C6312F}.Release|Any CPU.Build.0 = Release|Any CPU
	EndGlobalSection
	GlobalSection(SolutionProperties) = preSolution
		HideSolutionNode = FALSE
	EndGlobalSection
	GlobalSection(ExtensibilityGlobals) = postSolution
		SolutionGuid = {FF0D4864-CE43-4A70-8D74-B9AA6CFB53AF}
	EndGlobalSection
EndGlobal
